
Microsoft Visual Studio Solution File, Format Version 12.00
# Visual Studio 15
VisualStudioVersion = 15.0.26730.10
MinimumVisualStudioVersion = 10.0.40219.1
Project("{8BC9CEB8-8B4A-11D0-8D11-00A0C91BC942}") = "FileMgrComp", "HelperComp\HelperComp.vcxproj", "{CE082CD5-2FA0-4255-BBD3-831B2D28D659}"
EndProject
Project("{8BC9CEB8-8B4A-11D0-8D11-00A0C91BC942}") = "TextSearchComp", "UsingComp\UsingComp.vcxproj", "{BE122EC8-DF38-4AAD-9979-B6060381FD37}"
	ProjectSection(ProjectDependencies) = postProject
		{EF4A3188-CA93-45A2-AB52-7548669E3AA8} = {EF4A3188-CA93-45A2-AB52-7548669E3AA8}
		{CE082CD5-2FA0-4255-BBD3-831B2D28D659} = {CE082CD5-2FA0-4255-BBD3-831B2D28D659}
	EndProjectSection
EndProject
Project("{8BC9CEB8-8B4A-11D0-8D11-00A0C91BC942}") = "CppClient", "CppClient\CppClient.vcxproj", "{8F266504-AFE2-4886-BCDB-7362ABAE8F44}"
	ProjectSection(ProjectDependencies) = postProject
		{EF4A3188-CA93-45A2-AB52-7548669E3AA8} = {EF4A3188-CA93-45A2-AB52-7548669E3AA8}
		{BE122EC8-DF38-4AAD-9979-B6060381FD37} = {BE122EC8-DF38-4AAD-9979-B6060381FD37}
		{CE082CD5-2FA0-4255-BBD3-831B2D28D659} = {CE082CD5-2FA0-4255-BBD3-831B2D28D659}
	EndProjectSection
EndProject
Project("{2150E333-8FDC-42A3-9474-1A3956D46DE8}") = "Solution Items", "Solution Items", "{D33EF9D7-A6AC-4F4C-B2D9-9E23BABE7ED7}"
	ProjectSection(SolutionItems) = preProject
		Build.txt = Build.txt
	EndProjectSection
EndProject
Project("{2150E333-8FDC-42A3-9474-1A3956D46DE8}") = "FileMgr", "FileMgr", "{1410408E-91A1-4CE0-A587-8FC90A91EBF4}"
EndProject
Project("{8BC9CEB8-8B4A-11D0-8D11-00A0C91BC942}") = "FileSystemDemo", "FileSystem-Windows\FileSystemDemo\FileSystemDemo.vcxproj", "{EF4A3188-CA93-45A2-AB52-7548669E3AA8}"
EndProject
Global
	GlobalSection(SolutionConfigurationPlatforms) = preSolution
		Debug|x64 = Debug|x64
		Debug|x86 = Debug|x86
		Release|x64 = Release|x64
		Release|x86 = Release|x86
	EndGlobalSection
	GlobalSection(ProjectConfigurationPlatforms) = postSolution
		{CE082CD5-2FA0-4255-BBD3-831B2D28D659}.Debug|x64.ActiveCfg = Debug|x64
		{CE082CD5-2FA0-4255-BBD3-831B2D28D659}.Debug|x64.Build.0 = Debug|x64
		{CE082CD5-2FA0-4255-BBD3-831B2D28D659}.Debug|x86.ActiveCfg = Debug|Win32
		{CE082CD5-2FA0-4255-BBD3-831B2D28D659}.Debug|x86.Build.0 = Debug|Win32
		{CE082CD5-2FA0-4255-BBD3-831B2D28D659}.Release|x64.ActiveCfg = Release|x64
		{CE082CD5-2FA0-4255-BBD3-831B2D28D659}.Release|x64.Build.0 = Release|x64
		{CE082CD5-2FA0-4255-BBD3-831B2D28D659}.Release|x86.ActiveCfg = Release|Win32
		{CE082CD5-2FA0-4255-BBD3-831B2D28D659}.Release|x86.Build.0 = Release|Win32
		{BE122EC8-DF38-4AAD-9979-B6060381FD37}.Debug|x64.ActiveCfg = Debug|x64
		{BE122EC8-DF38-4AAD-9979-B6060381FD37}.Debug|x64.Build.0 = Debug|x64
		{BE122EC8-DF38-4AAD-9979-B6060381FD37}.Debug|x86.ActiveCfg = Debug|Win32
		{BE122EC8-DF38-4AAD-9979-B6060381FD37}.Debug|x86.Build.0 = Debug|Win32
		{BE122EC8-DF38-4AAD-9979-B6060381FD37}.Release|x64.ActiveCfg = Release|x64
		{BE122EC8-DF38-4AAD-9979-B6060381FD37}.Release|x64.Build.0 = Release|x64
		{BE122EC8-DF38-4AAD-9979-B6060381FD37}.Release|x86.ActiveCfg = Release|Win32
		{BE122EC8-DF38-4AAD-9979-B6060381FD37}.Release|x86.Build.0 = Release|Win32
		{8F266504-AFE2-4886-BCDB-7362ABAE8F44}.Debug|x64.ActiveCfg = Debug|x64
		{8F266504-AFE2-4886-BCDB-7362ABAE8F44}.Debug|x64.Build.0 = Debug|x64
		{8F266504-AFE2-4886-BCDB-7362ABAE8F44}.Debug|x86.ActiveCfg = Debug|Win32
		{8F266504-AFE2-4886-BCDB-7362ABAE8F44}.Debug|x86.Build.0 = Debug|Win32
		{8F266504-AFE2-4886-BCDB-7362ABAE8F44}.Release|x64.ActiveCfg = Release|x64
		{8F266504-AFE2-4886-BCDB-7362ABAE8F44}.Release|x64.Build.0 = Release|x64
		{8F266504-AFE2-4886-BCDB-7362ABAE8F44}.Release|x86.ActiveCfg = Release|Win32
		{8F266504-AFE2-4886-BCDB-7362ABAE8F44}.Release|x86.Build.0 = Release|Win32
		{EF4A3188-CA93-45A2-AB52-7548669E3AA8}.Debug|x64.ActiveCfg = Debug|Win32
		{EF4A3188-CA93-45A2-AB52-7548669E3AA8}.Debug|x86.ActiveCfg = Debug|Win32
		{EF4A3188-CA93-45A2-AB52-7548669E3AA8}.Debug|x86.Build.0 = Debug|Win32
		{EF4A3188-CA93-45A2-AB52-7548669E3AA8}.Release|x64.ActiveCfg = Release|Win32
		{EF4A3188-CA93-45A2-AB52-7548669E3AA8}.Release|x86.ActiveCfg = Release|Win32
		{EF4A3188-CA93-45A2-AB52-7548669E3AA8}.Release|x86.Build.0 = Release|Win32
	EndGlobalSection
	GlobalSection(SolutionProperties) = preSolution
		HideSolutionNode = FALSE
	EndGlobalSection
	GlobalSection(NestedProjects) = preSolution
		{EF4A3188-CA93-45A2-AB52-7548669E3AA8} = {1410408E-91A1-4CE0-A587-8FC90A91EBF4}
	EndGlobalSection
	GlobalSection(ExtensibilityGlobals) = postSolution
		SolutionGuid = {E72D200B-2F04-4BA0-9C89-339F4F0CECCA}
	EndGlobalSection
EndGlobal
